
Microsoft Visual Studio Solution File, Format Version 12.00
Project("{2150E333-8FDC-42A3-9474-1A3956D46DE8}") = "Server", "Server", "{D50F3301-A611-4E59-8B81-EA4B1A283702}"
EndProject
Project("{FAE04EC0-301F-11D3-BF4B-00C04F79EFBC}") = "Entities", "Entities\Entities.csproj", "{E3046392-1453-4669-8BEF-A07F7A8CEC98}"
EndProject
Project("{FAE04EC0-301F-11D3-BF4B-00C04F79EFBC}") = "Repository", "Repository\Repository.csproj", "{7DA10DAF-AC8E-4781-BDF7-0DB932D0F762}"
EndProject
Project("{FAE04EC0-301F-11D3-BF4B-00C04F79EFBC}") = "CLI", "CLI\CLI.csproj", "{DCE6EC21-28A9-4DEF-AAA9-45594BCF3862}"
EndProject
Project("{FAE04EC0-301F-11D3-BF4B-00C04F79EFBC}") = "FileRepositories", "FileRepositories\FileRepositories.csproj", "{1610679B-A41F-4CD6-8388-CED16D32C6F8}"
EndProject
Global
	GlobalSection(SolutionConfigurationPlatforms) = preSolution
		Debug|Any CPU = Debug|Any CPU
		Release|Any CPU = Release|Any CPU
	EndGlobalSection
	GlobalSection(NestedProjects) = preSolution
		{E3046392-1453-4669-8BEF-A07F7A8CEC98} = {D50F3301-A611-4E59-8B81-EA4B1A283702}
		{7DA10DAF-AC8E-4781-BDF7-0DB932D0F762} = {D50F3301-A611-4E59-8B81-EA4B1A283702}
		{DCE6EC21-28A9-4DEF-AAA9-45594BCF3862} = {D50F3301-A611-4E59-8B81-EA4B1A283702}
		{1610679B-A41F-4CD6-8388-CED16D32C6F8} = {D50F3301-A611-4E59-8B81-EA4B1A283702}
	EndGlobalSection
	GlobalSection(ProjectConfigurationPlatforms) = postSolution
		{E3046392-1453-4669-8BEF-A07F7A8CEC98}.Debug|Any CPU.ActiveCfg = Debug|Any CPU
		{E3046392-1453-4669-8BEF-A07F7A8CEC98}.Debug|Any CPU.Build.0 = Debug|Any CPU
		{E3046392-1453-4669-8BEF-A07F7A8CEC98}.Release|Any CPU.ActiveCfg = Release|Any CPU
		{E3046392-1453-4669-8BEF-A07F7A8CEC98}.Release|Any CPU.Build.0 = Release|Any CPU
		{7DA10DAF-AC8E-4781-BDF7-0DB932D0F762}.Debug|Any CPU.ActiveCfg = Debug|Any CPU
		{7DA10DAF-AC8E-4781-BDF7-0DB932D0F762}.Debug|Any CPU.Build.0 = Debug|Any CPU
		{7DA10DAF-AC8E-4781-BDF7-0DB932D0F762}.Release|Any CPU.ActiveCfg = Release|Any CPU
		{7DA10DAF-AC8E-4781-BDF7-0DB932D0F762}.Release|Any CPU.Build.0 = Release|Any CPU
		{DCE6EC21-28A9-4DEF-AAA9-45594BCF3862}.Debug|Any CPU.ActiveCfg = Debug|Any CPU
		{DCE6EC21-28A9-4DEF-AAA9-45594BCF3862}.Debug|Any CPU.Build.0 = Debug|Any CPU
		{DCE6EC21-28A9-4DEF-AAA9-45594BCF3862}.Release|Any CPU.ActiveCfg = Release|Any CPU
		{DCE6EC21-28A9-4DEF-AAA9-45594BCF3862}.Release|Any CPU.Build.0 = Release|Any CPU
		{1610679B-A41F-4CD6-8388-CED16D32C6F8}.Debug|Any CPU.ActiveCfg = Debug|Any CPU
		{1610679B-A41F-4CD6-8388-CED16D32C6F8}.Debug|Any CPU.Build.0 = Debug|Any CPU
		{1610679B-A41F-4CD6-8388-CED16D32C6F8}.Release|Any CPU.ActiveCfg = Release|Any CPU
		{1610679B-A41F-4CD6-8388-CED16D32C6F8}.Release|Any CPU.Build.0 = Release|Any CPU
	EndGlobalSection
EndGlobal
