
Microsoft Visual Studio Solution File, Format Version 12.00
Project("{2150E333-8FDC-42A3-9474-1A3956D46DE8}") = "Server", "Server", "{D50F3301-A611-4E59-8B81-EA4B1A283702}"
EndProject
Project("{FAE04EC0-301F-11D3-BF4B-00C04F79EFBC}") = "Entities", "Entities\Entities.csproj", "{E3046392-1453-4669-8BEF-A07F7A8CEC98}"
EndProject
Project("{FAE04EC0-301F-11D3-BF4B-00C04F79EFBC}") = "Repository", "Repository\Repository.csproj", "{7DA10DAF-AC8E-4781-BDF7-0DB932D0F762}"
EndProject
Project("{FAE04EC0-301F-11D3-BF4B-00C04F79EFBC}") = "FileRepositories", "FileRepositories\FileRepositories.csproj", "{D3C41098-F59E-4AB6-9CFF-FDE3792BF077}"
EndProject
Project("{FAE04EC0-301F-11D3-BF4B-00C04F79EFBC}") = "WebAPI", "WebAPI\WebAPI.csproj", "{13ECB363-E1A1-4DEA-B7C9-EBED038D1082}"
EndProject
Project("{2150E333-8FDC-42A3-9474-1A3956D46DE8}") = "Shared", "Shared", "{EAFE7997-5A0C-4D81-98A5-AAEA7B7EAF9C}"
EndProject
Project("{FAE04EC0-301F-11D3-BF4B-00C04F79EFBC}") = "DTOs", "Shared\DTOs\DTOs.csproj", "{1C2F13BD-F0CB-470A-B9B2-E3D9AF8BBA8B}"
EndProject
Project("{2150E333-8FDC-42A3-9474-1A3956D46DE8}") = "Client", "Client", "{BB3A578C-96A2-4B2D-9534-6BC8E82ADB5A}"
EndProject
Project("{FAE04EC0-301F-11D3-BF4B-00C04F79EFBC}") = "ClientApp", "ClientApp\ClientApp.csproj", "{C9875F9F-D82D-48D2-81CE-849BC62AF43E}"
EndProject
Global
	GlobalSection(SolutionConfigurationPlatforms) = preSolution
		Debug|Any CPU = Debug|Any CPU
		Release|Any CPU = Release|Any CPU
	EndGlobalSection
	GlobalSection(NestedProjects) = preSolution
		{E3046392-1453-4669-8BEF-A07F7A8CEC98} = {D50F3301-A611-4E59-8B81-EA4B1A283702}
		{7DA10DAF-AC8E-4781-BDF7-0DB932D0F762} = {D50F3301-A611-4E59-8B81-EA4B1A283702}
		{D3C41098-F59E-4AB6-9CFF-FDE3792BF077} = {D50F3301-A611-4E59-8B81-EA4B1A283702}
		{13ECB363-E1A1-4DEA-B7C9-EBED038D1082} = {D50F3301-A611-4E59-8B81-EA4B1A283702}
		{1C2F13BD-F0CB-470A-B9B2-E3D9AF8BBA8B} = {EAFE7997-5A0C-4D81-98A5-AAEA7B7EAF9C}
		{C9875F9F-D82D-48D2-81CE-849BC62AF43E} = {BB3A578C-96A2-4B2D-9534-6BC8E82ADB5A}
	EndGlobalSection
	GlobalSection(ProjectConfigurationPlatforms) = postSolution
		{E3046392-1453-4669-8BEF-A07F7A8CEC98}.Debug|Any CPU.ActiveCfg = Debug|Any CPU
		{E3046392-1453-4669-8BEF-A07F7A8CEC98}.Debug|Any CPU.Build.0 = Debug|Any CPU
		{E3046392-1453-4669-8BEF-A07F7A8CEC98}.Release|Any CPU.ActiveCfg = Release|Any CPU
		{E3046392-1453-4669-8BEF-A07F7A8CEC98}.Release|Any CPU.Build.0 = Release|Any CPU
		{7DA10DAF-AC8E-4781-BDF7-0DB932D0F762}.Debug|Any CPU.ActiveCfg = Debug|Any CPU
		{7DA10DAF-AC8E-4781-BDF7-0DB932D0F762}.Debug|Any CPU.Build.0 = Debug|Any CPU
		{7DA10DAF-AC8E-4781-BDF7-0DB932D0F762}.Release|Any CPU.ActiveCfg = Release|Any CPU
		{7DA10DAF-AC8E-4781-BDF7-0DB932D0F762}.Release|Any CPU.Build.0 = Release|Any CPU
		{D3C41098-F59E-4AB6-9CFF-FDE3792BF077}.Debug|Any CPU.ActiveCfg = Debug|Any CPU
		{D3C41098-F59E-4AB6-9CFF-FDE3792BF077}.Debug|Any CPU.Build.0 = Debug|Any CPU
		{D3C41098-F59E-4AB6-9CFF-FDE3792BF077}.Release|Any CPU.ActiveCfg = Release|Any CPU
		{D3C41098-F59E-4AB6-9CFF-FDE3792BF077}.Release|Any CPU.Build.0 = Release|Any CPU
		{13ECB363-E1A1-4DEA-B7C9-EBED038D1082}.Debug|Any CPU.ActiveCfg = Debug|Any CPU
		{13ECB363-E1A1-4DEA-B7C9-EBED038D1082}.Debug|Any CPU.Build.0 = Debug|Any CPU
		{13ECB363-E1A1-4DEA-B7C9-EBED038D1082}.Release|Any CPU.ActiveCfg = Release|Any CPU
		{13ECB363-E1A1-4DEA-B7C9-EBED038D1082}.Release|Any CPU.Build.0 = Release|Any CPU
		{1C2F13BD-F0CB-470A-B9B2-E3D9AF8BBA8B}.Debug|Any CPU.ActiveCfg = Debug|Any CPU
		{1C2F13BD-F0CB-470A-B9B2-E3D9AF8BBA8B}.Debug|Any CPU.Build.0 = Debug|Any CPU
		{1C2F13BD-F0CB-470A-B9B2-E3D9AF8BBA8B}.Release|Any CPU.ActiveCfg = Release|Any CPU
		{1C2F13BD-F0CB-470A-B9B2-E3D9AF8BBA8B}.Release|Any CPU.Build.0 = Release|Any CPU
		{C9875F9F-D82D-48D2-81CE-849BC62AF43E}.Debug|Any CPU.ActiveCfg = Debug|Any CPU
		{C9875F9F-D82D-48D2-81CE-849BC62AF43E}.Debug|Any CPU.Build.0 = Debug|Any CPU
		{C9875F9F-D82D-48D2-81CE-849BC62AF43E}.Release|Any CPU.ActiveCfg = Release|Any CPU
		{C9875F9F-D82D-48D2-81CE-849BC62AF43E}.Release|Any CPU.Build.0 = Release|Any CPU
	EndGlobalSection
EndGlobal
